// !$*UTF8*$!
{
	archiveVersion = 1;
	classes = {
	};
	objectVersion = 46;
	objects = {

/* Begin PBXBuildFile section */
		AEC648741D705569005461F0 /* AppDelegate.swift in Sources */ = {isa = PBXBuildFile; fileRef = AEC648731D705569005461F0 /* AppDelegate.swift */; };
		AEC648761D705569005461F0 /* ViewController.swift in Sources */ = {isa = PBXBuildFile; fileRef = AEC648751D705569005461F0 /* ViewController.swift */; };
		AEC648791D705569005461F0 /* Main.storyboard in Resources */ = {isa = PBXBuildFile; fileRef = AEC648771D705569005461F0 /* Main.storyboard */; };
		AEC6487B1D705569005461F0 /* Assets.xcassets in Resources */ = {isa = PBXBuildFile; fileRef = AEC6487A1D705569005461F0 /* Assets.xcassets */; };
		AEC6487E1D705569005461F0 /* LaunchScreen.storyboard in Resources */ = {isa = PBXBuildFile; fileRef = AEC6487C1D705569005461F0 /* LaunchScreen.storyboard */; };
		AEC648891D705569005461F0 /* HelloWorldTests.swift in Sources */ = {isa = PBXBuildFile; fileRef = AEC648881D705569005461F0 /* HelloWorldTests.swift */; };
		AEC648941D705569005461F0 /* HelloWorldUITests.swift in Sources */ = {isa = PBXBuildFile; fileRef = AEC648931D705569005461F0 /* HelloWorldUITests.swift */; };
/* End PBXBuildFile section */

/* Begin PBXContainerItemProxy section */
		AEC648851D705569005461F0 /* PBXContainerItemProxy */ = {
			isa = PBXContainerItemProxy;
			containerPortal = AEC648681D705568005461F0 /* Project object */;
			proxyType = 1;
			remoteGlobalIDString = AEC6486F1D705568005461F0;
			remoteInfo = HelloWorld;
		};
		AEC648901D705569005461F0 /* PBXContainerItemProxy */ = {
			isa = PBXContainerItemProxy;
			containerPortal = AEC648681D705568005461F0 /* Project object */;
			proxyType = 1;
			remoteGlobalIDString = AEC6486F1D705568005461F0;
			remoteInfo = HelloWorld;
		};
/* End PBXContainerItemProxy section */

/* Begin PBXFileReference section */
		AEC648701D705569005461F0 /* HelloWorld.app */ = {isa = PBXFileReference; explicitFileType = wrapper.application; includeInIndex = 0; path = HelloWorld.app; sourceTree = BUILT_PRODUCTS_DIR; };
		AEC648731D705569005461F0 /* AppDelegate.swift */ = {isa = PBXFileReference; lastKnownFileType = sourcecode.swift; path = AppDelegate.swift; sourceTree = "<group>"; };
		AEC648751D705569005461F0 /* ViewController.swift */ = {isa = PBXFileReference; lastKnownFileType = sourcecode.swift; path = ViewController.swift; sourceTree = "<group>"; };
		AEC648781D705569005461F0 /* Base */ = {isa = PBXFileReference; lastKnownFileType = file.storyboard; name = Base; path = Base.lproj/Main.storyboard; sourceTree = "<group>"; };
		AEC6487A1D705569005461F0 /* Assets.xcassets */ = {isa = PBXFileReference; lastKnownFileType = folder.assetcatalog; path = Assets.xcassets; sourceTree = "<group>"; };
		AEC6487D1D705569005461F0 /* Base */ = {isa = PBXFileReference; lastKnownFileType = file.storyboard; name = Base; path = Base.lproj/LaunchScreen.storyboard; sourceTree = "<group>"; };
		AEC6487F1D705569005461F0 /* Info.plist */ = {isa = PBXFileReference; lastKnownFileType = text.plist.xml; path = Info.plist; sourceTree = "<group>"; };
		AEC648841D705569005461F0 /* HelloWorldTests.xctest */ = {isa = PBXFileReference; explicitFileType = wrapper.cfbundle; includeInIndex = 0; path = HelloWorldTests.xctest; sourceTree = BUILT_PRODUCTS_DIR; };
		AEC648881D705569005461F0 /* HelloWorldTests.swift */ = {isa = PBXFileReference; lastKnownFileType = sourcecode.swift; path = HelloWorldTests.swift; sourceTree = "<group>"; };
		AEC6488A1D705569005461F0 /* Info.plist */ = {isa = PBXFileReference; lastKnownFileType = text.plist.xml; path = Info.plist; sourceTree = "<group>"; };
		AEC6488F1D705569005461F0 /* HelloWorldUITests.xctest */ = {isa = PBXFileReference; explicitFileType = wrapper.cfbundle; includeInIndex = 0; path = HelloWorldUITests.xctest; sourceTree = BUILT_PRODUCTS_DIR; };
		AEC648931D705569005461F0 /* HelloWorldUITests.swift */ = {isa = PBXFileReference; lastKnownFileType = sourcecode.swift; path = HelloWorldUITests.swift; sourceTree = "<group>"; };
		AEC648951D705569005461F0 /* Info.plist */ = {isa = PBXFileReference; lastKnownFileType = text.plist.xml; path = Info.plist; sourceTree = "<group>"; };
/* End PBXFileReference section */

/* Begin PBXFrameworksBuildPhase section */
		AEC6486D1D705568005461F0 /* Frameworks */ = {
			isa = PBXFrameworksBuildPhase;
			buildActionMask = 2147483647;
			files = (
			);
			runOnlyForDeploymentPostprocessing = 0;
		};
		AEC648811D705569005461F0 /* Frameworks */ = {
			isa = PBXFrameworksBuildPhase;
			buildActionMask = 2147483647;
			files = (
			);
			runOnlyForDeploymentPostprocessing = 0;
		};
		AEC6488C1D705569005461F0 /* Frameworks */ = {
			isa = PBXFrameworksBuildPhase;
			buildActionMask = 2147483647;
			files = (
			);
			runOnlyForDeploymentPostprocessing = 0;
		};
/* End PBXFrameworksBuildPhase section */

/* Begin PBXGroup section */
		AEC648671D705568005461F0 = {
			isa = PBXGroup;
			children = (
				AEC648721D705569005461F0 /* HelloWorld */,
				AEC648871D705569005461F0 /* HelloWorldTests */,
				AEC648921D705569005461F0 /* HelloWorldUITests */,
				AEC648711D705569005461F0 /* Products */,
			);
			sourceTree = "<group>";
		};
		AEC648711D705569005461F0 /* Products */ = {
			isa = PBXGroup;
			children = (
				AEC648701D705569005461F0 /* HelloWorld.app */,
				AEC648841D705569005461F0 /* HelloWorldTests.xctest */,
				AEC6488F1D705569005461F0 /* HelloWorldUITests.xctest */,
			);
			name = Products;
			sourceTree = "<group>";
		};
		AEC648721D705569005461F0 /* HelloWorld */ = {
			isa = PBXGroup;
			children = (
				AEC648731D705569005461F0 /* AppDelegate.swift */,
				AEC648751D705569005461F0 /* ViewController.swift */,
				AEC648771D705569005461F0 /* Main.storyboard */,
				AEC6487A1D705569005461F0 /* Assets.xcassets */,
				AEC6487C1D705569005461F0 /* LaunchScreen.storyboard */,
				AEC6487F1D705569005461F0 /* Info.plist */,
			);
			path = HelloWorld;
			sourceTree = "<group>";
		};
		AEC648871D705569005461F0 /* HelloWorldTests */ = {
			isa = PBXGroup;
			children = (
				AEC648881D705569005461F0 /* HelloWorldTests.swift */,
				AEC6488A1D705569005461F0 /* Info.plist */,
			);
			path = HelloWorldTests;
			sourceTree = "<group>";
		};
		AEC648921D705569005461F0 /* HelloWorldUITests */ = {
			isa = PBXGroup;
			children = (
				AEC648931D705569005461F0 /* HelloWorldUITests.swift */,
				AEC648951D705569005461F0 /* Info.plist */,
			);
			path = HelloWorldUITests;
			sourceTree = "<group>";
		};
/* End PBXGroup section */

/* Begin PBXNativeTarget section */
		AEC6486F1D705568005461F0 /* HelloWorld */ = {
			isa = PBXNativeTarget;
			buildConfigurationList = AEC648981D705569005461F0 /* Build configuration list for PBXNativeTarget "HelloWorld" */;
			buildPhases = (
				AEC6486C1D705568005461F0 /* Sources */,
				AEC6486D1D705568005461F0 /* Frameworks */,
				AEC6486E1D705568005461F0 /* Resources */,
			);
			buildRules = (
			);
			dependencies = (
			);
			name = HelloWorld;
			productName = HelloWorld;
			productReference = AEC648701D705569005461F0 /* HelloWorld.app */;
			productType = "com.apple.product-type.application";
		};
		AEC648831D705569005461F0 /* HelloWorldTests */ = {
			isa = PBXNativeTarget;
			buildConfigurationList = AEC6489B1D705569005461F0 /* Build configuration list for PBXNativeTarget "HelloWorldTests" */;
			buildPhases = (
				AEC648801D705569005461F0 /* Sources */,
				AEC648811D705569005461F0 /* Frameworks */,
				AEC648821D705569005461F0 /* Resources */,
			);
			buildRules = (
			);
			dependencies = (
				AEC648861D705569005461F0 /* PBXTargetDependency */,
			);
			name = HelloWorldTests;
			productName = HelloWorldTests;
			productReference = AEC648841D705569005461F0 /* HelloWorldTests.xctest */;
			productType = "com.apple.product-type.bundle.unit-test";
		};
		AEC6488E1D705569005461F0 /* HelloWorldUITests */ = {
			isa = PBXNativeTarget;
			buildConfigurationList = AEC6489E1D705569005461F0 /* Build configuration list for PBXNativeTarget "HelloWorldUITests" */;
			buildPhases = (
				AEC6488B1D705569005461F0 /* Sources */,
				AEC6488C1D705569005461F0 /* Frameworks */,
				AEC6488D1D705569005461F0 /* Resources */,
			);
			buildRules = (
			);
			dependencies = (
				AEC648911D705569005461F0 /* PBXTargetDependency */,
			);
			name = HelloWorldUITests;
			productName = HelloWorldUITests;
			productReference = AEC6488F1D705569005461F0 /* HelloWorldUITests.xctest */;
			productType = "com.apple.product-type.bundle.ui-testing";
		};
/* End PBXNativeTarget section */

/* Begin PBXProject section */
		AEC648681D705568005461F0 /* Project object */ = {
			isa = PBXProject;
			attributes = {
				LastSwiftUpdateCheck = 0730;
				LastUpgradeCheck = 0730;
				ORGANIZATIONNAME = tooru.satodate;
				TargetAttributes = {
					AEC6486F1D705568005461F0 = {
						CreatedOnToolsVersion = 7.3.1;
					};
					AEC648831D705569005461F0 = {
						CreatedOnToolsVersion = 7.3.1;
						TestTargetID = AEC6486F1D705568005461F0;
					};
					AEC6488E1D705569005461F0 = {
						CreatedOnToolsVersion = 7.3.1;
						TestTargetID = AEC6486F1D705568005461F0;
					};
				};
			};
			buildConfigurationList = AEC6486B1D705568005461F0 /* Build configuration list for PBXProject "HelloWorld" */;
			compatibilityVersion = "Xcode 3.2";
			developmentRegion = English;
			hasScannedForEncodings = 0;
			knownRegions = (
				en,
				Base,
			);
			mainGroup = AEC648671D705568005461F0;
			productRefGroup = AEC648711D705569005461F0 /* Products */;
			projectDirPath = "";
			projectRoot = "";
			targets = (
				AEC6486F1D705568005461F0 /* HelloWorld */,
				AEC648831D705569005461F0 /* HelloWorldTests */,
				AEC6488E1D705569005461F0 /* HelloWorldUITests */,
			);
		};
/* End PBXProject section */

/* Begin PBXResourcesBuildPhase section */
		AEC6486E1D705568005461F0 /* Resources */ = {
			isa = PBXResourcesBuildPhase;
			buildActionMask = 2147483647;
			files = (
				AEC6487E1D705569005461F0 /* LaunchScreen.storyboard in Resources */,
				AEC6487B1D705569005461F0 /* Assets.xcassets in Resources */,
				AEC648791D705569005461F0 /* Main.storyboard in Resources */,
			);
			runOnlyForDeploymentPostprocessing = 0;
		};
		AEC648821D705569005461F0 /* Resources */ = {
			isa = PBXResourcesBuildPhase;
			buildActionMask = 2147483647;
			files = (
			);
			runOnlyForDeploymentPostprocessing = 0;
		};
		AEC6488D1D705569005461F0 /* Resources */ = {
			isa = PBXResourcesBuildPhase;
			buildActionMask = 2147483647;
			files = (
			);
			runOnlyForDeploymentPostprocessing = 0;
		};
/* End PBXResourcesBuildPhase section */

/* Begin PBXSourcesBuildPhase section */
		AEC6486C1D705568005461F0 /* Sources */ = {
			isa = PBXSourcesBuildPhase;
			buildActionMask = 2147483647;
			files = (
				AEC648761D705569005461F0 /* ViewController.swift in Sources */,
				AEC648741D705569005461F0 /* AppDelegate.swift in Sources */,
			);
			runOnlyForDeploymentPostprocessing = 0;
		};
		AEC648801D705569005461F0 /* Sources */ = {
			isa = PBXSourcesBuildPhase;
			buildActionMask = 2147483647;
			files = (
				AEC648891D705569005461F0 /* HelloWorldTests.swift in Sources */,
			);
			runOnlyForDeploymentPostprocessing = 0;
		};
		AEC6488B1D705569005461F0 /* Sources */ = {
			isa = PBXSourcesBuildPhase;
			buildActionMask = 2147483647;
			files = (
				AEC648941D705569005461F0 /* HelloWorldUITests.swift in Sources */,
			);
			runOnlyForDeploymentPostprocessing = 0;
		};
/* End PBXSourcesBuildPhase section */

/* Begin PBXTargetDependency section */
		AEC648861D705569005461F0 /* PBXTargetDependency */ = {
			isa = PBXTargetDependency;
			target = AEC6486F1D705568005461F0 /* HelloWorld */;
			targetProxy = AEC648851D705569005461F0 /* PBXContainerItemProxy */;
		};
		AEC648911D705569005461F0 /* PBXTargetDependency */ = {
			isa = PBXTargetDependency;
			target = AEC6486F1D705568005461F0 /* HelloWorld */;
			targetProxy = AEC648901D705569005461F0 /* PBXContainerItemProxy */;
		};
/* End PBXTargetDependency section */

/* Begin PBXVariantGroup section */
		AEC648771D705569005461F0 /* Main.storyboard */ = {
			isa = PBXVariantGroup;
			children = (
				AEC648781D705569005461F0 /* Base */,
			);
			name = Main.storyboard;
			sourceTree = "<group>";
		};
		AEC6487C1D705569005461F0 /* LaunchScreen.storyboard */ = {
			isa = PBXVariantGroup;
			children = (
				AEC6487D1D705569005461F0 /* Base */,
			);
			name = LaunchScreen.storyboard;
			sourceTree = "<group>";
		};
/* End PBXVariantGroup section */

/* Begin XCBuildConfiguration section */
		AEC648961D705569005461F0 /* Debug */ = {
			isa = XCBuildConfiguration;
			buildSettings = {
				ALWAYS_SEARCH_USER_PATHS = NO;
				CLANG_ANALYZER_NONNULL = YES;
				CLANG_CXX_LANGUAGE_STANDARD = "gnu++0x";
				CLANG_CXX_LIBRARY = "libc++";
				CLANG_ENABLE_MODULES = YES;
				CLANG_ENABLE_OBJC_ARC = YES;
				CLANG_WARN_BOOL_CONVERSION = YES;
				CLANG_WARN_CONSTANT_CONVERSION = YES;
				CLANG_WARN_DIRECT_OBJC_ISA_USAGE = YES_ERROR;
				CLANG_WARN_EMPTY_BODY = YES;
				CLANG_WARN_ENUM_CONVERSION = YES;
				CLANG_WARN_INT_CONVERSION = YES;
				CLANG_WARN_OBJC_ROOT_CLASS = YES_ERROR;
				CLANG_WARN_UNREACHABLE_CODE = YES;
				CLANG_WARN__DUPLICATE_METHOD_MATCH = YES;
				"CODE_SIGN_IDENTITY[sdk=iphoneos*]" = "iPhone Developer";
				COPY_PHASE_STRIP = NO;
				DEBUG_INFORMATION_FORMAT = dwarf;
				ENABLE_STRICT_OBJC_MSGSEND = YES;
				ENABLE_TESTABILITY = YES;
				GCC_C_LANGUAGE_STANDARD = gnu99;
				GCC_DYNAMIC_NO_PIC = NO;
				GCC_NO_COMMON_BLOCKS = YES;
				GCC_OPTIMIZATION_LEVEL = 0;
				GCC_PREPROCESSOR_DEFINITIONS = (
					"DEBUG=1",
					"$(inherited)",
				);
				GCC_WARN_64_TO_32_BIT_CONVERSION = YES;
				GCC_WARN_ABOUT_RETURN_TYPE = YES_ERROR;
				GCC_WARN_UNDECLARED_SELECTOR = YES;
				GCC_WARN_UNINITIALIZED_AUTOS = YES_AGGRESSIVE;
				GCC_WARN_UNUSED_FUNCTION = YES;
				GCC_WARN_UNUSED_VARIABLE = YES;
				IPHONEOS_DEPLOYMENT_TARGET = 9.3;
				MTL_ENABLE_DEBUG_INFO = YES;
				ONLY_ACTIVE_ARCH = YES;
				SDKROOT = iphoneos;
				SWIFT_OPTIMIZATION_LEVEL = "-Onone";
			};
			name = Debug;
		};
		AEC648971D705569005461F0 /* Release */ = {
			isa = XCBuildConfiguration;
			buildSettings = {
				ALWAYS_SEARCH_USER_PATHS = NO;
				CLANG_ANALYZER_NONNULL = YES;
				CLANG_CXX_LANGUAGE_STANDARD = "gnu++0x";
				CLANG_CXX_LIBRARY = "libc++";
				CLANG_ENABLE_MODULES = YES;
				CLANG_ENABLE_OBJC_ARC = YES;
				CLANG_WARN_BOOL_CONVERSION = YES;
				CLANG_WARN_CONSTANT_CONVERSION = YES;
				CLANG_WARN_DIRECT_OBJC_ISA_USAGE = YES_ERROR;
				CLANG_WARN_EMPTY_BODY = YES;
				CLANG_WARN_ENUM_CONVERSION = YES;
				CLANG_WARN_INT_CONVERSION = YES;
				CLANG_WARN_OBJC_ROOT_CLASS = YES_ERROR;
				CLANG_WARN_UNREACHABLE_CODE = YES;
				CLANG_WARN__DUPLICATE_METHOD_MATCH = YES;
				"CODE_SIGN_IDENTITY[sdk=iphoneos*]" = "iPhone Developer";
				COPY_PHASE_STRIP = NO;
				DEBUG_INFORMATION_FORMAT = "dwarf-with-dsym";
				ENABLE_NS_ASSERTIONS = NO;
				ENABLE_STRICT_OBJC_MSGSEND = YES;
				GCC_C_LANGUAGE_STANDARD = gnu99;
				GCC_NO_COMMON_BLOCKS = YES;
				GCC_WARN_64_TO_32_BIT_CONVERSION = YES;
				GCC_WARN_ABOUT_RETURN_TYPE = YES_ERROR;
				GCC_WARN_UNDECLARED_SELECTOR = YES;
				GCC_WARN_UNINITIALIZED_AUTOS = YES_AGGRESSIVE;
				GCC_WARN_UNUSED_FUNCTION = YES;
				GCC_WARN_UNUSED_VARIABLE = YES;
				IPHONEOS_DEPLOYMENT_TARGET = 9.3;
				MTL_ENABLE_DEBUG_INFO = NO;
				SDKROOT = iphoneos;
				VALIDATE_PRODUCT = YES;
			};
			name = Release;
		};
		AEC648991D705569005461F0 /* Debug */ = {
			isa = XCBuildConfiguration;
			buildSettings = {
				ASSETCATALOG_COMPILER_APPICON_NAME = AppIcon;
				INFOPLIST_FILE = HelloWorld/Info.plist;
				LD_RUNPATH_SEARCH_PATHS = "$(inherited) @executable_path/Frameworks";
				PRODUCT_BUNDLE_IDENTIFIER = jp.techacademy.tooru.satodate.HelloWorld;
				PRODUCT_NAME = "$(TARGET_NAME)";
			};
			name = Debug;
		};
		AEC6489A1D705569005461F0 /* Release */ = {
			isa = XCBuildConfiguration;
			buildSettings = {
				ASSETCATALOG_COMPILER_APPICON_NAME = AppIcon;
				INFOPLIST_FILE = HelloWorld/Info.plist;
				LD_RUNPATH_SEARCH_PATHS = "$(inherited) @executable_path/Frameworks";
				PRODUCT_BUNDLE_IDENTIFIER = jp.techacademy.tooru.satodate.HelloWorld;
				PRODUCT_NAME = "$(TARGET_NAME)";
			};
			name = Release;
		};
		AEC6489C1D705569005461F0 /* Debug */ = {
			isa = XCBuildConfiguration;
			buildSettings = {
				BUNDLE_LOADER = "$(TEST_HOST)";
				INFOPLIST_FILE = HelloWorldTests/Info.plist;
				LD_RUNPATH_SEARCH_PATHS = "$(inherited) @executable_path/Frameworks @loader_path/Frameworks";
				PRODUCT_BUNDLE_IDENTIFIER = jp.techacademy.tooru.satodate.HelloWorldTests;
				PRODUCT_NAME = "$(TARGET_NAME)";
				TEST_HOST = "$(BUILT_PRODUCTS_DIR)/HelloWorld.app/HelloWorld";
			};
			name = Debug;
		};
		AEC6489D1D705569005461F0 /* Release */ = {
			isa = XCBuildConfiguration;
			buildSettings = {
				BUNDLE_LOADER = "$(TEST_HOST)";
				INFOPLIST_FILE = HelloWorldTests/Info.plist;
				LD_RUNPATH_SEARCH_PATHS = "$(inherited) @executable_path/Frameworks @loader_path/Frameworks";
				PRODUCT_BUNDLE_IDENTIFIER = jp.techacademy.tooru.satodate.HelloWorldTests;
				PRODUCT_NAME = "$(TARGET_NAME)";
				TEST_HOST = "$(BUILT_PRODUCTS_DIR)/HelloWorld.app/HelloWorld";
			};
			name = Release;
		};
		AEC6489F1D705569005461F0 /* Debug */ = {
			isa = XCBuildConfiguration;
			buildSettings = {
				INFOPLIST_FILE = HelloWorldUITests/Info.plist;
				LD_RUNPATH_SEARCH_PATHS = "$(inherited) @executable_path/Frameworks @loader_path/Frameworks";
				PRODUCT_BUNDLE_IDENTIFIER = jp.techacademy.tooru.satodate.HelloWorldUITests;
				PRODUCT_NAME = "$(TARGET_NAME)";
				TEST_TARGET_NAME = HelloWorld;
			};
			name = Debug;
		};
		AEC648A01D705569005461F0 /* Release */ = {
			isa = XCBuildConfiguration;
			buildSettings = {
				INFOPLIST_FILE = HelloWorldUITests/Info.plist;
				LD_RUNPATH_SEARCH_PATHS = "$(inherited) @executable_path/Frameworks @loader_path/Frameworks";
				PRODUCT_BUNDLE_IDENTIFIER = jp.techacademy.tooru.satodate.HelloWorldUITests;
				PRODUCT_NAME = "$(TARGET_NAME)";
				TEST_TARGET_NAME = HelloWorld;
			};
			name = Release;
		};
/* End XCBuildConfiguration section */

/* Begin XCConfigurationList section */
		AEC6486B1D705568005461F0 /* Build configuration list for PBXProject "HelloWorld" */ = {
			isa = XCConfigurationList;
			buildConfigurations = (
				AEC648961D705569005461F0 /* Debug */,
				AEC648971D705569005461F0 /* Release */,
			);
			defaultConfigurationIsVisible = 0;
			defaultConfigurationName = Release;
		};
		AEC648981D705569005461F0 /* Build configuration list for PBXNativeTarget "HelloWorld" */ = {
			isa = XCConfigurationList;
			buildConfigurations = (
				AEC648991D705569005461F0 /* Debug */,
				AEC6489A1D705569005461F0 /* Release */,
			);
			defaultConfigurationIsVisible = 0;
		};
		AEC6489B1D705569005461F0 /* Build configuration list for PBXNativeTarget "HelloWorldTests" */ = {
			isa = XCConfigurationList;
			buildConfigurations = (
				AEC6489C1D705569005461F0 /* Debug */,
				AEC6489D1D705569005461F0 /* Release */,
			);
			defaultConfigurationIsVisible = 0;
		};
		AEC6489E1D705569005461F0 /* Build configuration list for PBXNativeTarget "HelloWorldUITests" */ = {
			isa = XCConfigurationList;
			buildConfigurations = (
				AEC6489F1D705569005461F0 /* Debug */,
				AEC648A01D705569005461F0 /* Release */,
			);
			defaultConfigurationIsVisible = 0;
		};
/* End XCConfigurationList section */
	};
	rootObject = AEC648681D705568005461F0 /* Project object */;
}
